
Microsoft Visual Studio Solution File, Format Version 12.00
# Visual Studio Version 16
VisualStudioVersion = 16.0.29215.179
MinimumVisualStudioVersion = 10.0.40219.1
Project("{FAE04EC0-301F-11D3-BF4B-00C04F79EFBC}") = "RSPatients", "RSPatients.csproj", "{8F6F419B-AC77-4FE0-B0D8-AB13CEF9035B}"
EndProject
Global
	GlobalSection(SolutionConfigurationPlatforms) = preSolution
		Debug|Any CPU = Debug|Any CPU
		Release|Any CPU = Release|Any CPU
	EndGlobalSection
	GlobalSection(ProjectConfigurationPlatforms) = postSolution
		{8F6F419B-AC77-4FE0-B0D8-AB13CEF9035B}.Debug|Any CPU.ActiveCfg = Debug|Any CPU
		{8F6F419B-AC77-4FE0-B0D8-AB13CEF9035B}.Debug|Any CPU.Build.0 = Debug|Any CPU
		{8F6F419B-AC77-4FE0-B0D8-AB13CEF9035B}.Release|Any CPU.ActiveCfg = Release|Any CPU
		{8F6F419B-AC77-4FE0-B0D8-AB13CEF9035B}.Release|Any CPU.Build.0 = Release|Any CPU
	EndGlobalSection
	GlobalSection(SolutionProperties) = preSolution
		HideSolutionNode = FALSE
	EndGlobalSection
	GlobalSection(ExtensibilityGlobals) = postSolution
		SolutionGuid = {D9EDDF43-656C-43AE-AB2C-A614C18FC077}
	EndGlobalSection
EndGlobal
